schema: '2.0'
stages:
  data_ingestion:
    cmd: python src/cnnClassifier/pipeline/stage_01_data_ingestion.py
    deps:
    - path: config/config.yaml
      hash: md5
      md5: ebad970cec3c603cdfb74cd39b05ec61
      size: 911
    - path: src/cnnClassifier/pipeline/stage_01_data_ingestion.py
      hash: md5
      md5: 9089d2ab8fc78afda914352b4e6214fa
      size: 916
    outs:
    - path: artifacts/data_ingestion/
      hash: md5
      md5: 9e7640b40325d764f11cfc1122eebcb7.dir
      size: 16742471
      nfiles: 3763
  prepare_base_model:
    cmd: python src/cnnClassifier/pipeline/stage_02_prepare_base_model.py
    deps:
    - path: config/config.yaml
      hash: md5
      md5: ebad970cec3c603cdfb74cd39b05ec61
      size: 911
    - path: src/cnnClassifier/pipeline/stage_02_prepare_base_model.py
      hash: md5
      md5: d676643f34c14948846aecfdd986f009
      size: 1003
    params:
      params.yaml:
        CLASSES: 2
        IMAGE_SIZE:
        - 240
        - 240
        - 3
        LEARNING_RATE: 0.001
    outs:
    - path: artifacts/prepare_base_model
      hash: md5
      md5: dac86b754365bc52732696d3980e1739.dir
      size: 5318037
      nfiles: 4
  training:
    cmd: python src/cnnClassifier/pipeline/stage_03_training.py
    deps:
    - path: artifacts/data_ingestion/
      hash: md5
      md5: 9e7640b40325d764f11cfc1122eebcb7.dir
      size: 16742471
      nfiles: 3763
    - path: artifacts/prepare_base_model
      hash: md5
      md5: dac86b754365bc52732696d3980e1739.dir
      size: 5318037
      nfiles: 4
    - path: config/config.yaml
      hash: md5
      md5: ebad970cec3c603cdfb74cd39b05ec61
      size: 911
    - path: src/cnnClassifier/components/prepare_callbacks.py
      hash: md5
      md5: 32ceb8bd057bc5fe91ea81c23af311dd
      size: 1060
    - path: src/cnnClassifier/pipeline/stage_03_training.py
      hash: md5
      md5: b71952447101215575db900a74da1981
      size: 1291
    params:
      params.yaml:
        AUGMENTATION: true
        BATCH_SIZE: 8
        EPOCHS: 5
        IMAGE_SIZE:
        - 240
        - 240
        - 3
    outs:
    - path: artifacts/training/model.h5
      hash: md5
      md5: 93513719188d918397e9adb74cf717e4
      size: 1348768
  evaluation:
    cmd: python src/cnnClassifier/pipeline/stage_04_evaluation.py
    deps:
    - path: Test_seggregated/
      hash: md5
      md5: 9a2180d185da852f1eebd9548db674fb.dir
      size: 119142
      nfiles: 16
    - path: artifacts/training/model.h5
      hash: md5
      md5: 93513719188d918397e9adb74cf717e4
      size: 1348768
    - path: config/config.yaml
      hash: md5
      md5: ebad970cec3c603cdfb74cd39b05ec61
      size: 911
    - path: src/cnnClassifier/pipeline/stage_04_evaluation.py
      hash: md5
      md5: 8079b77c73b5707d0ea508a99c39fc50
      size: 914
    params:
      params.yaml:
        BATCH_SIZE: 8
        IMAGE_SIZE:
        - 240
        - 240
        - 3
    outs:
    - path: scores.json
      hash: md5
      md5: 61cad495699477976c60b1a4645efaf8
      size: 86
